Microsoft Visual Studio Solution File, Format Version 11.00
# Visual Studio 2008

Project("{140221F6-B518-8E6B-A6A0-3D2E543735F1}") = "Maze To The End", "Assembly-CSharp.csproj", "{0851EC6D-E6FC-6DF8-7C7A-3F6CAF5E9FB3}"
EndProject
Global
	GlobalSection(SolutionConfigurationPlatforms) = preSolution
		Debug|Any CPU = Debug|Any CPU
		Release|Any CPU = Release|Any CPU
	EndGlobalSection
	GlobalSection(ProjectConfigurationPlatforms) = postSolution
		{0851EC6D-E6FC-6DF8-7C7A-3F6CAF5E9FB3}.Debug|Any CPU.ActiveCfg = Debug|Any CPU
		{0851EC6D-E6FC-6DF8-7C7A-3F6CAF5E9FB3}.Debug|Any CPU.Build.0 = Debug|Any CPU
		{0851EC6D-E6FC-6DF8-7C7A-3F6CAF5E9FB3}.Release|Any CPU.ActiveCfg = Release|Any CPU
		{0851EC6D-E6FC-6DF8-7C7A-3F6CAF5E9FB3}.Release|Any CPU.Build.0 = Release|Any CPU
	EndGlobalSection
	GlobalSection(SolutionProperties) = preSolution
		HideSolutionNode = FALSE
	EndGlobalSection
	GlobalSection(MonoDevelopProperties) = preSolution
		StartupItem = Assembly-CSharp.csproj
	EndGlobalSection
EndGlobal
